
Microsoft Visual Studio Solution File, Format Version 12.00
# Visual Studio Version 17
VisualStudioVersion = 17.3.32819.101
MinimumVisualStudioVersion = 10.0.40219.1
Project("{9A19103F-16F7-4668-BE54-9A1E7A4F7556}") = "Programming", "Programming.csproj", "{45F3DBF8-836E-4744-B4E8-BFF1E0FBF946}"
EndProject
Global
	GlobalSection(SolutionConfigurationPlatforms) = preSolution
		Debug|Any CPU = Debug|Any CPU
		Release|Any CPU = Release|Any CPU
	EndGlobalSection
	GlobalSection(ProjectConfigurationPlatforms) = postSolution
		{45F3DBF8-836E-4744-B4E8-BFF1E0FBF946}.Debug|Any CPU.ActiveCfg = Debug|Any CPU
		{45F3DBF8-836E-4744-B4E8-BFF1E0FBF946}.Debug|Any CPU.Build.0 = Debug|Any CPU
		{45F3DBF8-836E-4744-B4E8-BFF1E0FBF946}.Release|Any CPU.ActiveCfg = Release|Any CPU
		{45F3DBF8-836E-4744-B4E8-BFF1E0FBF946}.Release|Any CPU.Build.0 = Release|Any CPU
	EndGlobalSection
	GlobalSection(SolutionProperties) = preSolution
		HideSolutionNode = FALSE
	EndGlobalSection
	GlobalSection(ExtensibilityGlobals) = postSolution
		SolutionGuid = {D58ED0D8-6D40-4612-BF6E-79F37662A14F}
	EndGlobalSection
EndGlobal
